
Microsoft Visual Studio Solution File, Format Version 12.00
# Visual Studio 2012
Project("{FAE04EC0-301F-11D3-BF4B-00C04F79EFBC}") = "TestPlugin", "TestPlugin\TestPlugin.csproj", "{3CF94D17-06F5-4F16-9DD8-5984D4FC81E3}"
EndProject
Project("{FAE04EC0-301F-11D3-BF4B-00C04F79EFBC}") = "TestPlugin.Tests", "TestPlugin.Tests\TestPlugin.Tests.csproj", "{74F8CBFC-34D5-488E-9B77-B085AD14494A}"
EndProject
Global
	GlobalSection(SolutionConfigurationPlatforms) = preSolution
		Debug|Any CPU = Debug|Any CPU
		Release|Any CPU = Release|Any CPU
	EndGlobalSection
	GlobalSection(ProjectConfigurationPlatforms) = postSolution
		{3CF94D17-06F5-4F16-9DD8-5984D4FC81E3}.Debug|Any CPU.ActiveCfg = Debug|Any CPU
		{3CF94D17-06F5-4F16-9DD8-5984D4FC81E3}.Debug|Any CPU.Build.0 = Debug|Any CPU
		{3CF94D17-06F5-4F16-9DD8-5984D4FC81E3}.Release|Any CPU.ActiveCfg = Release|Any CPU
		{3CF94D17-06F5-4F16-9DD8-5984D4FC81E3}.Release|Any CPU.Build.0 = Release|Any CPU
		{74F8CBFC-34D5-488E-9B77-B085AD14494A}.Debug|Any CPU.ActiveCfg = Debug|Any CPU
		{74F8CBFC-34D5-488E-9B77-B085AD14494A}.Debug|Any CPU.Build.0 = Debug|Any CPU
		{74F8CBFC-34D5-488E-9B77-B085AD14494A}.Release|Any CPU.ActiveCfg = Release|Any CPU
		{74F8CBFC-34D5-488E-9B77-B085AD14494A}.Release|Any CPU.Build.0 = Release|Any CPU
	EndGlobalSection
	GlobalSection(SolutionProperties) = preSolution
		HideSolutionNode = FALSE
	EndGlobalSection
EndGlobal
